
Microsoft Visual Studio Solution File, Format Version 12.00
# Visual Studio 15
VisualStudioVersion = 15.0.27130.2027
MinimumVisualStudioVersion = 10.0.40219.1
Project("{2150E333-8FDC-42A3-9474-1A3956D46DE8}") = "01 Paveldejimas", "01 Paveldejimas", "{778B526A-E18D-4CB8-BC10-EFCBEB323FBC}"
EndProject
Project("{FAE04EC0-301F-11D3-BF4B-00C04F79EFBC}") = "Zaidejas", "Zaidejas\Zaidejas.csproj", "{13D40EA2-4BE4-4885-A9FC-13907768074F}"
EndProject
Project("{2150E333-8FDC-42A3-9474-1A3956D46DE8}") = "Ivairios uzduotys", "Ivairios uzduotys", "{B23D269A-C5AD-4092-8CAA-BE2C01D12D7C}"
EndProject
Project("{FAE04EC0-301F-11D3-BF4B-00C04F79EFBC}") = "teleloto", "teleloto\teleloto.csproj", "{983A7AD3-0435-49AC-B1C7-DD24754635F8}"
EndProject
Project("{FAE04EC0-301F-11D3-BF4B-00C04F79EFBC}") = "Kortu programa", "Kortu programa\Kortu programa.csproj", "{8590F204-F1E3-47AC-A00F-92BCCBFD0E90}"
EndProject
Project("{2150E333-8FDC-42A3-9474-1A3956D46DE8}") = "02 Interfeisai", "02 Interfeisai", "{C29426F9-BD50-444D-A85F-BF82022922F5}"
EndProject
Project("{FAE04EC0-301F-11D3-BF4B-00C04F79EFBC}") = "ConsoleApp1", "ConsoleApp1\ConsoleApp1.csproj", "{CB652457-7E8F-4B1C-89E8-B3CEA2EF7FB6}"
EndProject
Project("{FAE04EC0-301F-11D3-BF4B-00C04F79EFBC}") = "02_02 uzduotis", "02_02 uzduotis\02_02 uzduotis.csproj", "{0CF2D6EB-5A51-4490-9E27-9F3C79C46CD5}"
EndProject
Project("{FAE04EC0-301F-11D3-BF4B-00C04F79EFBC}") = "Staciakampis", "Staciakampis\Staciakampis.csproj", "{6804B7D1-D90F-4673-B9A3-AAD71AD69446}"
EndProject
Project("{FAE04EC0-301F-11D3-BF4B-00C04F79EFBC}") = "02_03 uzduotis", "02_03 uzduotis\02_03 uzduotis.csproj", "{9151A3A0-21FB-4C6F-9FDA-C7D9A76D56CA}"
EndProject
Project("{FAE04EC0-301F-11D3-BF4B-00C04F79EFBC}") = "Beatrix", "Beatrix\Beatrix.csproj", "{D6FA346A-D20D-4B81-B52B-5A8688C1D615}"
EndProject
Project("{2150E333-8FDC-42A3-9474-1A3956D46DE8}") = "03 Generic bendriniai tipai", "03 Generic bendriniai tipai", "{505A5CAD-3847-4E4C-A717-9A0D3581D521}"
EndProject
Project("{FAE04EC0-301F-11D3-BF4B-00C04F79EFBC}") = "03_01 uzduotis", "03_01 uzduotis\03_01 uzduotis.csproj", "{C594E04E-ADAA-4E27-A806-4D26C6C68A18}"
EndProject
Project("{FAE04EC0-301F-11D3-BF4B-00C04F79EFBC}") = "03_02 uzduotis", "03_02 uzduotis\03_02 uzduotis.csproj", "{E484678E-D9A6-4FE4-B703-23A3DC1E9362}"
EndProject
Project("{FAE04EC0-301F-11D3-BF4B-00C04F79EFBC}") = "03_03 uzduotis", "03_03 uzduotis\03_03 uzduotis.csproj", "{EC24CEEB-010F-41E0-A5F3-0CE3D994F6D3}"
EndProject
Project("{FAE04EC0-301F-11D3-BF4B-00C04F79EFBC}") = "03_02_01 uzduotis", "03_02_01 uzduotis\03_02_01 uzduotis.csproj", "{6BAC6AE3-125D-49F7-95A5-5A8E0B9102AF}"
EndProject
Project("{FAE04EC0-301F-11D3-BF4B-00C04F79EFBC}") = "03_04 uzduotis", "03_04 uzduotis\03_04 uzduotis.csproj", "{1D52A44D-1B95-46E9-BD9E-0E556BD6B3B6}"
EndProject
Project("{2150E333-8FDC-42A3-9474-1A3956D46DE8}") = "04 klaidu apdorojimas", "04 klaidu apdorojimas", "{5037DD6F-C78A-42DD-BEC4-47F8E368DFC5}"
EndProject
Project("{FAE04EC0-301F-11D3-BF4B-00C04F79EFBC}") = "04_01 uzduotis", "04_01 uzduotis\04_01 uzduotis.csproj", "{5CA5FDC6-4423-4F9A-9BF8-A7827FCA3C91}"
EndProject
Project("{FAE04EC0-301F-11D3-BF4B-00C04F79EFBC}") = "04_02 uzduotis", "04_02 uzduotis\04_02 uzduotis.csproj", "{984DAAB6-EDA9-4D21-8CDE-1722CF76BE30}"
EndProject
Project("{FAE04EC0-301F-11D3-BF4B-00C04F79EFBC}") = "04_03 gui exception", "04_03 gui exception\04_03 gui exception.csproj", "{0E9570D1-6387-468F-99B8-77A83B93F850}"
EndProject
Project("{2150E333-8FDC-42A3-9474-1A3956D46DE8}") = "05 Delegatai", "05 Delegatai", "{D3C57316-113F-4F97-A704-4884E7F09E23}"
EndProject
Project("{FAE04EC0-301F-11D3-BF4B-00C04F79EFBC}") = "05_01 uzduotis d", "05_01 uzduotis d\05_01 uzduotis d.csproj", "{920A8877-524A-4E2E-809C-24E1615AFE03}"
EndProject
Project("{FAE04EC0-301F-11D3-BF4B-00C04F79EFBC}") = "05_02 uzduotis", "05_02 uzduotis\05_02 uzduotis.csproj", "{0F718279-F9E2-49DD-AA5E-AF3FEF0B5354}"
EndProject
Project("{FAE04EC0-301F-11D3-BF4B-00C04F79EFBC}") = "05_03 uzduotis", "05_03 uzduotis\05_03 uzduotis.csproj", "{48A57743-BC4E-48B0-B025-DE01CD1AEB42}"
EndProject
Project("{FAE04EC0-301F-11D3-BF4B-00C04F79EFBC}") = "05_04 uzduotis", "05_04 uzduotis\05_04 uzduotis.csproj", "{29384F4D-AC9F-47F0-96A1-85283582D03D}"
EndProject
Project("{FAE04EC0-301F-11D3-BF4B-00C04F79EFBC}") = "05_05 skaiciuotuvas", "05_05 skaiciuotuvas\05_05 skaiciuotuvas.csproj", "{E299CDBC-A427-49FD-9883-FD817F13EA3F}"
EndProject
Project("{FAE04EC0-301F-11D3-BF4B-00C04F79EFBC}") = "05_06 prezidento rinkimai", "05_06 prezidento rinkimai\05_06 prezidento rinkimai.csproj", "{9085EF34-79D2-4D85-9160-A9069D506E5D}"
EndProject
Project("{2150E333-8FDC-42A3-9474-1A3956D46DE8}") = "Tarpinis egzaminas", "Tarpinis egzaminas", "{F1333C38-56F9-4AF4-AA4A-30ABDB9DBF67}"
EndProject
Project("{FAE04EC0-301F-11D3-BF4B-00C04F79EFBC}") = "01_uzduotis_povbuk", "01_uzduotis_povbuk\01_uzduotis_povbuk.csproj", "{6AEE6138-0B0D-4A9B-AD00-589994A7A75B}"
EndProject
Project("{FAE04EC0-301F-11D3-BF4B-00C04F79EFBC}") = "02_uzduotis_povbuk", "02_uzduotis_povbuk\02_uzduotis_povbuk.csproj", "{0609EE88-D20D-4D1B-B9B8-34708D64D66A}"
EndProject
Project("{FAE04EC0-301F-11D3-BF4B-00C04F79EFBC}") = "03_uzduotis_povbuk", "03_uzduotis_povbuk\03_uzduotis_povbuk.csproj", "{F329AED9-591A-401C-ADEC-CC1D58C8A8F0}"
EndProject
Project("{2150E333-8FDC-42A3-9474-1A3956D46DE8}") = "06 Ivykiai", "06 Ivykiai", "{3E1A901F-502A-4D4C-B574-408B9EEEF781}"
EndProject
Project("{FAE04EC0-301F-11D3-BF4B-00C04F79EFBC}") = "06_01 uzduotis", "06_01 uzduotis\06_01 uzduotis.csproj", "{8C77CE2C-40CA-4E86-A942-6C228E745CA4}"
EndProject
Project("{FAE04EC0-301F-11D3-BF4B-00C04F79EFBC}") = "06_02 uzduotis", "06_02 uzduotis\06_02 uzduotis.csproj", "{9E891FD5-30DA-48E5-A3E8-DD97C8B915AC}"
EndProject
Project("{FAE04EC0-301F-11D3-BF4B-00C04F79EFBC}") = "06_03 uzduotis", "06_03 uzduotis\06_03 uzduotis.csproj", "{3B2C456E-E51F-42A7-9FF1-371829345994}"
EndProject
Project("{FAE04EC0-301F-11D3-BF4B-00C04F79EFBC}") = "06_04 webcam", "06_04 webcam\06_04 webcam.csproj", "{0DB59C86-4356-4B11-8035-D26194F74633}"
EndProject
Project("{2150E333-8FDC-42A3-9474-1A3956D46DE8}") = "07 Lambda", "07 Lambda", "{761A28CB-AC7A-4160-99B8-351B99C82B6E}"
EndProject
Project("{FAE04EC0-301F-11D3-BF4B-00C04F79EFBC}") = "07_01 uzduotis l", "07_01 uzduotis l\07_01 uzduotis l.csproj", "{C051D446-9064-4F4A-9FB7-9F4035953C0C}"
EndProject
Project("{FAE04EC0-301F-11D3-BF4B-00C04F79EFBC}") = "07_02 uzduotis", "07_02 uzduotis\07_02 uzduotis.csproj", "{4C5387ED-FA41-44A0-BB1E-C97628FA85A8}"
EndProject
Project("{FAE04EC0-301F-11D3-BF4B-00C04F79EFBC}") = "07_03 uzduotis", "07_03 uzduotis\07_03 uzduotis.csproj", "{8B41A90B-0D7C-4918-9151-92EA3BE9F994}"
EndProject
Project("{2150E333-8FDC-42A3-9474-1A3956D46DE8}") = "08 SQL", "08 SQL", "{CDF0F42E-8EF2-46E8-B9AF-ADD23D099D11}"
EndProject
Project("{FAE04EC0-301F-11D3-BF4B-00C04F79EFBC}") = "08_01 uzduotis", "08_01 uzduotis\08_01 uzduotis.csproj", "{ED6D0ACF-0EDD-4117-8C4E-75012A41316D}"
EndProject
Project("{FAE04EC0-301F-11D3-BF4B-00C04F79EFBC}") = "08_01 pirma uzduotis", "08_01 pirma uzduotis\08_01 pirma uzduotis.csproj", "{E2E901C8-B15F-476C-ABEE-C07541EE7527}"
EndProject
Global
	GlobalSection(SolutionConfigurationPlatforms) = preSolution
		Debug|Any CPU = Debug|Any CPU
		Release|Any CPU = Release|Any CPU
	EndGlobalSection
	GlobalSection(ProjectConfigurationPlatforms) = postSolution
		{13D40EA2-4BE4-4885-A9FC-13907768074F}.Debug|Any CPU.ActiveCfg = Debug|Any CPU
		{13D40EA2-4BE4-4885-A9FC-13907768074F}.Debug|Any CPU.Build.0 = Debug|Any CPU
		{13D40EA2-4BE4-4885-A9FC-13907768074F}.Release|Any CPU.ActiveCfg = Release|Any CPU
		{13D40EA2-4BE4-4885-A9FC-13907768074F}.Release|Any CPU.Build.0 = Release|Any CPU
		{983A7AD3-0435-49AC-B1C7-DD24754635F8}.Debug|Any CPU.ActiveCfg = Debug|Any CPU
		{983A7AD3-0435-49AC-B1C7-DD24754635F8}.Debug|Any CPU.Build.0 = Debug|Any CPU
		{983A7AD3-0435-49AC-B1C7-DD24754635F8}.Release|Any CPU.ActiveCfg = Release|Any CPU
		{983A7AD3-0435-49AC-B1C7-DD24754635F8}.Release|Any CPU.Build.0 = Release|Any CPU
		{8590F204-F1E3-47AC-A00F-92BCCBFD0E90}.Debug|Any CPU.ActiveCfg = Debug|Any CPU
		{8590F204-F1E3-47AC-A00F-92BCCBFD0E90}.Debug|Any CPU.Build.0 = Debug|Any CPU
		{8590F204-F1E3-47AC-A00F-92BCCBFD0E90}.Release|Any CPU.ActiveCfg = Release|Any CPU
		{8590F204-F1E3-47AC-A00F-92BCCBFD0E90}.Release|Any CPU.Build.0 = Release|Any CPU
		{CB652457-7E8F-4B1C-89E8-B3CEA2EF7FB6}.Debug|Any CPU.ActiveCfg = Debug|Any CPU
		{CB652457-7E8F-4B1C-89E8-B3CEA2EF7FB6}.Debug|Any CPU.Build.0 = Debug|Any CPU
		{CB652457-7E8F-4B1C-89E8-B3CEA2EF7FB6}.Release|Any CPU.ActiveCfg = Release|Any CPU
		{CB652457-7E8F-4B1C-89E8-B3CEA2EF7FB6}.Release|Any CPU.Build.0 = Release|Any CPU
		{0CF2D6EB-5A51-4490-9E27-9F3C79C46CD5}.Debug|Any CPU.ActiveCfg = Debug|Any CPU
		{0CF2D6EB-5A51-4490-9E27-9F3C79C46CD5}.Debug|Any CPU.Build.0 = Debug|Any CPU
		{0CF2D6EB-5A51-4490-9E27-9F3C79C46CD5}.Release|Any CPU.ActiveCfg = Release|Any CPU
		{0CF2D6EB-5A51-4490-9E27-9F3C79C46CD5}.Release|Any CPU.Build.0 = Release|Any CPU
		{6804B7D1-D90F-4673-B9A3-AAD71AD69446}.Debug|Any CPU.ActiveCfg = Debug|Any CPU
		{6804B7D1-D90F-4673-B9A3-AAD71AD69446}.Debug|Any CPU.Build.0 = Debug|Any CPU
		{6804B7D1-D90F-4673-B9A3-AAD71AD69446}.Release|Any CPU.ActiveCfg = Release|Any CPU
		{6804B7D1-D90F-4673-B9A3-AAD71AD69446}.Release|Any CPU.Build.0 = Release|Any CPU
		{9151A3A0-21FB-4C6F-9FDA-C7D9A76D56CA}.Debug|Any CPU.ActiveCfg = Debug|Any CPU
		{9151A3A0-21FB-4C6F-9FDA-C7D9A76D56CA}.Debug|Any CPU.Build.0 = Debug|Any CPU
		{9151A3A0-21FB-4C6F-9FDA-C7D9A76D56CA}.Release|Any CPU.ActiveCfg = Release|Any CPU
		{9151A3A0-21FB-4C6F-9FDA-C7D9A76D56CA}.Release|Any CPU.Build.0 = Release|Any CPU
		{D6FA346A-D20D-4B81-B52B-5A8688C1D615}.Debug|Any CPU.ActiveCfg = Debug|Any CPU
		{D6FA346A-D20D-4B81-B52B-5A8688C1D615}.Debug|Any CPU.Build.0 = Debug|Any CPU
		{D6FA346A-D20D-4B81-B52B-5A8688C1D615}.Release|Any CPU.ActiveCfg = Release|Any CPU
		{D6FA346A-D20D-4B81-B52B-5A8688C1D615}.Release|Any CPU.Build.0 = Release|Any CPU
		{C594E04E-ADAA-4E27-A806-4D26C6C68A18}.Debug|Any CPU.ActiveCfg = Debug|Any CPU
		{C594E04E-ADAA-4E27-A806-4D26C6C68A18}.Debug|Any CPU.Build.0 = Debug|Any CPU
		{C594E04E-ADAA-4E27-A806-4D26C6C68A18}.Release|Any CPU.ActiveCfg = Release|Any CPU
		{C594E04E-ADAA-4E27-A806-4D26C6C68A18}.Release|Any CPU.Build.0 = Release|Any CPU
		{E484678E-D9A6-4FE4-B703-23A3DC1E9362}.Debug|Any CPU.ActiveCfg = Debug|Any CPU
		{E484678E-D9A6-4FE4-B703-23A3DC1E9362}.Debug|Any CPU.Build.0 = Debug|Any CPU
		{E484678E-D9A6-4FE4-B703-23A3DC1E9362}.Release|Any CPU.ActiveCfg = Release|Any CPU
		{E484678E-D9A6-4FE4-B703-23A3DC1E9362}.Release|Any CPU.Build.0 = Release|Any CPU
		{EC24CEEB-010F-41E0-A5F3-0CE3D994F6D3}.Debug|Any CPU.ActiveCfg = Debug|Any CPU
		{EC24CEEB-010F-41E0-A5F3-0CE3D994F6D3}.Debug|Any CPU.Build.0 = Debug|Any CPU
		{EC24CEEB-010F-41E0-A5F3-0CE3D994F6D3}.Release|Any CPU.ActiveCfg = Release|Any CPU
		{EC24CEEB-010F-41E0-A5F3-0CE3D994F6D3}.Release|Any CPU.Build.0 = Release|Any CPU
		{6BAC6AE3-125D-49F7-95A5-5A8E0B9102AF}.Debug|Any CPU.ActiveCfg = Debug|Any CPU
		{6BAC6AE3-125D-49F7-95A5-5A8E0B9102AF}.Debug|Any CPU.Build.0 = Debug|Any CPU
		{6BAC6AE3-125D-49F7-95A5-5A8E0B9102AF}.Release|Any CPU.ActiveCfg = Release|Any CPU
		{6BAC6AE3-125D-49F7-95A5-5A8E0B9102AF}.Release|Any CPU.Build.0 = Release|Any CPU
		{1D52A44D-1B95-46E9-BD9E-0E556BD6B3B6}.Debug|Any CPU.ActiveCfg = Debug|Any CPU
		{1D52A44D-1B95-46E9-BD9E-0E556BD6B3B6}.Debug|Any CPU.Build.0 = Debug|Any CPU
		{1D52A44D-1B95-46E9-BD9E-0E556BD6B3B6}.Release|Any CPU.ActiveCfg = Release|Any CPU
		{1D52A44D-1B95-46E9-BD9E-0E556BD6B3B6}.Release|Any CPU.Build.0 = Release|Any CPU
		{5CA5FDC6-4423-4F9A-9BF8-A7827FCA3C91}.Debug|Any CPU.ActiveCfg = Debug|Any CPU
		{5CA5FDC6-4423-4F9A-9BF8-A7827FCA3C91}.Debug|Any CPU.Build.0 = Debug|Any CPU
		{5CA5FDC6-4423-4F9A-9BF8-A7827FCA3C91}.Release|Any CPU.ActiveCfg = Release|Any CPU
		{5CA5FDC6-4423-4F9A-9BF8-A7827FCA3C91}.Release|Any CPU.Build.0 = Release|Any CPU
		{984DAAB6-EDA9-4D21-8CDE-1722CF76BE30}.Debug|Any CPU.ActiveCfg = Debug|Any CPU
		{984DAAB6-EDA9-4D21-8CDE-1722CF76BE30}.Debug|Any CPU.Build.0 = Debug|Any CPU
		{984DAAB6-EDA9-4D21-8CDE-1722CF76BE30}.Release|Any CPU.ActiveCfg = Release|Any CPU
		{984DAAB6-EDA9-4D21-8CDE-1722CF76BE30}.Release|Any CPU.Build.0 = Release|Any CPU
		{0E9570D1-6387-468F-99B8-77A83B93F850}.Debug|Any CPU.ActiveCfg = Debug|Any CPU
		{0E9570D1-6387-468F-99B8-77A83B93F850}.Debug|Any CPU.Build.0 = Debug|Any CPU
		{0E9570D1-6387-468F-99B8-77A83B93F850}.Release|Any CPU.ActiveCfg = Release|Any CPU
		{0E9570D1-6387-468F-99B8-77A83B93F850}.Release|Any CPU.Build.0 = Release|Any CPU
		{920A8877-524A-4E2E-809C-24E1615AFE03}.Debug|Any CPU.ActiveCfg = Debug|Any CPU
		{920A8877-524A-4E2E-809C-24E1615AFE03}.Debug|Any CPU.Build.0 = Debug|Any CPU
		{920A8877-524A-4E2E-809C-24E1615AFE03}.Release|Any CPU.ActiveCfg = Release|Any CPU
		{920A8877-524A-4E2E-809C-24E1615AFE03}.Release|Any CPU.Build.0 = Release|Any CPU
		{0F718279-F9E2-49DD-AA5E-AF3FEF0B5354}.Debug|Any CPU.ActiveCfg = Debug|Any CPU
		{0F718279-F9E2-49DD-AA5E-AF3FEF0B5354}.Debug|Any CPU.Build.0 = Debug|Any CPU
		{0F718279-F9E2-49DD-AA5E-AF3FEF0B5354}.Release|Any CPU.ActiveCfg = Release|Any CPU
		{0F718279-F9E2-49DD-AA5E-AF3FEF0B5354}.Release|Any CPU.Build.0 = Release|Any CPU
		{48A57743-BC4E-48B0-B025-DE01CD1AEB42}.Debug|Any CPU.ActiveCfg = Debug|Any CPU
		{48A57743-BC4E-48B0-B025-DE01CD1AEB42}.Debug|Any CPU.Build.0 = Debug|Any CPU
		{48A57743-BC4E-48B0-B025-DE01CD1AEB42}.Release|Any CPU.ActiveCfg = Release|Any CPU
		{48A57743-BC4E-48B0-B025-DE01CD1AEB42}.Release|Any CPU.Build.0 = Release|Any CPU
		{29384F4D-AC9F-47F0-96A1-85283582D03D}.Debug|Any CPU.ActiveCfg = Debug|Any CPU
		{29384F4D-AC9F-47F0-96A1-85283582D03D}.Debug|Any CPU.Build.0 = Debug|Any CPU
		{29384F4D-AC9F-47F0-96A1-85283582D03D}.Release|Any CPU.ActiveCfg = Release|Any CPU
		{29384F4D-AC9F-47F0-96A1-85283582D03D}.Release|Any CPU.Build.0 = Release|Any CPU
		{E299CDBC-A427-49FD-9883-FD817F13EA3F}.Debug|Any CPU.ActiveCfg = Debug|Any CPU
		{E299CDBC-A427-49FD-9883-FD817F13EA3F}.Debug|Any CPU.Build.0 = Debug|Any CPU
		{E299CDBC-A427-49FD-9883-FD817F13EA3F}.Release|Any CPU.ActiveCfg = Release|Any CPU
		{E299CDBC-A427-49FD-9883-FD817F13EA3F}.Release|Any CPU.Build.0 = Release|Any CPU
		{9085EF34-79D2-4D85-9160-A9069D506E5D}.Debug|Any CPU.ActiveCfg = Debug|Any CPU
		{9085EF34-79D2-4D85-9160-A9069D506E5D}.Debug|Any CPU.Build.0 = Debug|Any CPU
		{9085EF34-79D2-4D85-9160-A9069D506E5D}.Release|Any CPU.ActiveCfg = Release|Any CPU
		{9085EF34-79D2-4D85-9160-A9069D506E5D}.Release|Any CPU.Build.0 = Release|Any CPU
		{6AEE6138-0B0D-4A9B-AD00-589994A7A75B}.Debug|Any CPU.ActiveCfg = Debug|Any CPU
		{6AEE6138-0B0D-4A9B-AD00-589994A7A75B}.Debug|Any CPU.Build.0 = Debug|Any CPU
		{6AEE6138-0B0D-4A9B-AD00-589994A7A75B}.Release|Any CPU.ActiveCfg = Release|Any CPU
		{6AEE6138-0B0D-4A9B-AD00-589994A7A75B}.Release|Any CPU.Build.0 = Release|Any CPU
		{0609EE88-D20D-4D1B-B9B8-34708D64D66A}.Debug|Any CPU.ActiveCfg = Debug|Any CPU
		{0609EE88-D20D-4D1B-B9B8-34708D64D66A}.Debug|Any CPU.Build.0 = Debug|Any CPU
		{0609EE88-D20D-4D1B-B9B8-34708D64D66A}.Release|Any CPU.ActiveCfg = Release|Any CPU
		{0609EE88-D20D-4D1B-B9B8-34708D64D66A}.Release|Any CPU.Build.0 = Release|Any CPU
		{F329AED9-591A-401C-ADEC-CC1D58C8A8F0}.Debug|Any CPU.ActiveCfg = Debug|Any CPU
		{F329AED9-591A-401C-ADEC-CC1D58C8A8F0}.Debug|Any CPU.Build.0 = Debug|Any CPU
		{F329AED9-591A-401C-ADEC-CC1D58C8A8F0}.Release|Any CPU.ActiveCfg = Release|Any CPU
		{F329AED9-591A-401C-ADEC-CC1D58C8A8F0}.Release|Any CPU.Build.0 = Release|Any CPU
		{8C77CE2C-40CA-4E86-A942-6C228E745CA4}.Debug|Any CPU.ActiveCfg = Debug|Any CPU
		{8C77CE2C-40CA-4E86-A942-6C228E745CA4}.Debug|Any CPU.Build.0 = Debug|Any CPU
		{8C77CE2C-40CA-4E86-A942-6C228E745CA4}.Release|Any CPU.ActiveCfg = Release|Any CPU
		{8C77CE2C-40CA-4E86-A942-6C228E745CA4}.Release|Any CPU.Build.0 = Release|Any CPU
		{9E891FD5-30DA-48E5-A3E8-DD97C8B915AC}.Debug|Any CPU.ActiveCfg = Debug|Any CPU
		{9E891FD5-30DA-48E5-A3E8-DD97C8B915AC}.Debug|Any CPU.Build.0 = Debug|Any CPU
		{9E891FD5-30DA-48E5-A3E8-DD97C8B915AC}.Release|Any CPU.ActiveCfg = Release|Any CPU
		{9E891FD5-30DA-48E5-A3E8-DD97C8B915AC}.Release|Any CPU.Build.0 = Release|Any CPU
		{3B2C456E-E51F-42A7-9FF1-371829345994}.Debug|Any CPU.ActiveCfg = Debug|Any CPU
		{3B2C456E-E51F-42A7-9FF1-371829345994}.Debug|Any CPU.Build.0 = Debug|Any CPU
		{3B2C456E-E51F-42A7-9FF1-371829345994}.Release|Any CPU.ActiveCfg = Release|Any CPU
		{3B2C456E-E51F-42A7-9FF1-371829345994}.Release|Any CPU.Build.0 = Release|Any CPU
		{0DB59C86-4356-4B11-8035-D26194F74633}.Debug|Any CPU.ActiveCfg = Debug|Any CPU
		{0DB59C86-4356-4B11-8035-D26194F74633}.Debug|Any CPU.Build.0 = Debug|Any CPU
		{0DB59C86-4356-4B11-8035-D26194F74633}.Release|Any CPU.ActiveCfg = Release|Any CPU
		{0DB59C86-4356-4B11-8035-D26194F74633}.Release|Any CPU.Build.0 = Release|Any CPU
		{C051D446-9064-4F4A-9FB7-9F4035953C0C}.Debug|Any CPU.ActiveCfg = Debug|Any CPU
		{C051D446-9064-4F4A-9FB7-9F4035953C0C}.Debug|Any CPU.Build.0 = Debug|Any CPU
		{C051D446-9064-4F4A-9FB7-9F4035953C0C}.Release|Any CPU.ActiveCfg = Release|Any CPU
		{C051D446-9064-4F4A-9FB7-9F4035953C0C}.Release|Any CPU.Build.0 = Release|Any CPU
		{4C5387ED-FA41-44A0-BB1E-C97628FA85A8}.Debug|Any CPU.ActiveCfg = Debug|Any CPU
		{4C5387ED-FA41-44A0-BB1E-C97628FA85A8}.Debug|Any CPU.Build.0 = Debug|Any CPU
		{4C5387ED-FA41-44A0-BB1E-C97628FA85A8}.Release|Any CPU.ActiveCfg = Release|Any CPU
		{4C5387ED-FA41-44A0-BB1E-C97628FA85A8}.Release|Any CPU.Build.0 = Release|Any CPU
		{8B41A90B-0D7C-4918-9151-92EA3BE9F994}.Debug|Any CPU.ActiveCfg = Debug|Any CPU
		{8B41A90B-0D7C-4918-9151-92EA3BE9F994}.Debug|Any CPU.Build.0 = Debug|Any CPU
		{8B41A90B-0D7C-4918-9151-92EA3BE9F994}.Release|Any CPU.ActiveCfg = Release|Any CPU
		{8B41A90B-0D7C-4918-9151-92EA3BE9F994}.Release|Any CPU.Build.0 = Release|Any CPU
		{ED6D0ACF-0EDD-4117-8C4E-75012A41316D}.Debug|Any CPU.ActiveCfg = Debug|Any CPU
		{ED6D0ACF-0EDD-4117-8C4E-75012A41316D}.Debug|Any CPU.Build.0 = Debug|Any CPU
		{ED6D0ACF-0EDD-4117-8C4E-75012A41316D}.Release|Any CPU.ActiveCfg = Release|Any CPU
		{ED6D0ACF-0EDD-4117-8C4E-75012A41316D}.Release|Any CPU.Build.0 = Release|Any CPU
		{E2E901C8-B15F-476C-ABEE-C07541EE7527}.Debug|Any CPU.ActiveCfg = Debug|Any CPU
		{E2E901C8-B15F-476C-ABEE-C07541EE7527}.Debug|Any CPU.Build.0 = Debug|Any CPU
		{E2E901C8-B15F-476C-ABEE-C07541EE7527}.Release|Any CPU.ActiveCfg = Release|Any CPU
		{E2E901C8-B15F-476C-ABEE-C07541EE7527}.Release|Any CPU.Build.0 = Release|Any CPU
	EndGlobalSection
	GlobalSection(SolutionProperties) = preSolution
		HideSolutionNode = FALSE
	EndGlobalSection
	GlobalSection(NestedProjects) = preSolution
		{13D40EA2-4BE4-4885-A9FC-13907768074F} = {778B526A-E18D-4CB8-BC10-EFCBEB323FBC}
		{983A7AD3-0435-49AC-B1C7-DD24754635F8} = {B23D269A-C5AD-4092-8CAA-BE2C01D12D7C}
		{8590F204-F1E3-47AC-A00F-92BCCBFD0E90} = {B23D269A-C5AD-4092-8CAA-BE2C01D12D7C}
		{CB652457-7E8F-4B1C-89E8-B3CEA2EF7FB6} = {C29426F9-BD50-444D-A85F-BF82022922F5}
		{0CF2D6EB-5A51-4490-9E27-9F3C79C46CD5} = {C29426F9-BD50-444D-A85F-BF82022922F5}
		{6804B7D1-D90F-4673-B9A3-AAD71AD69446} = {C29426F9-BD50-444D-A85F-BF82022922F5}
		{9151A3A0-21FB-4C6F-9FDA-C7D9A76D56CA} = {778B526A-E18D-4CB8-BC10-EFCBEB323FBC}
		{D6FA346A-D20D-4B81-B52B-5A8688C1D615} = {B23D269A-C5AD-4092-8CAA-BE2C01D12D7C}
		{C594E04E-ADAA-4E27-A806-4D26C6C68A18} = {505A5CAD-3847-4E4C-A717-9A0D3581D521}
		{E484678E-D9A6-4FE4-B703-23A3DC1E9362} = {505A5CAD-3847-4E4C-A717-9A0D3581D521}
		{EC24CEEB-010F-41E0-A5F3-0CE3D994F6D3} = {505A5CAD-3847-4E4C-A717-9A0D3581D521}
		{6BAC6AE3-125D-49F7-95A5-5A8E0B9102AF} = {505A5CAD-3847-4E4C-A717-9A0D3581D521}
		{1D52A44D-1B95-46E9-BD9E-0E556BD6B3B6} = {505A5CAD-3847-4E4C-A717-9A0D3581D521}
		{5CA5FDC6-4423-4F9A-9BF8-A7827FCA3C91} = {5037DD6F-C78A-42DD-BEC4-47F8E368DFC5}
		{984DAAB6-EDA9-4D21-8CDE-1722CF76BE30} = {5037DD6F-C78A-42DD-BEC4-47F8E368DFC5}
		{0E9570D1-6387-468F-99B8-77A83B93F850} = {5037DD6F-C78A-42DD-BEC4-47F8E368DFC5}
		{920A8877-524A-4E2E-809C-24E1615AFE03} = {D3C57316-113F-4F97-A704-4884E7F09E23}
		{0F718279-F9E2-49DD-AA5E-AF3FEF0B5354} = {D3C57316-113F-4F97-A704-4884E7F09E23}
		{48A57743-BC4E-48B0-B025-DE01CD1AEB42} = {D3C57316-113F-4F97-A704-4884E7F09E23}
		{29384F4D-AC9F-47F0-96A1-85283582D03D} = {D3C57316-113F-4F97-A704-4884E7F09E23}
		{E299CDBC-A427-49FD-9883-FD817F13EA3F} = {D3C57316-113F-4F97-A704-4884E7F09E23}
		{9085EF34-79D2-4D85-9160-A9069D506E5D} = {D3C57316-113F-4F97-A704-4884E7F09E23}
		{6AEE6138-0B0D-4A9B-AD00-589994A7A75B} = {F1333C38-56F9-4AF4-AA4A-30ABDB9DBF67}
		{0609EE88-D20D-4D1B-B9B8-34708D64D66A} = {F1333C38-56F9-4AF4-AA4A-30ABDB9DBF67}
		{F329AED9-591A-401C-ADEC-CC1D58C8A8F0} = {F1333C38-56F9-4AF4-AA4A-30ABDB9DBF67}
		{8C77CE2C-40CA-4E86-A942-6C228E745CA4} = {3E1A901F-502A-4D4C-B574-408B9EEEF781}
		{9E891FD5-30DA-48E5-A3E8-DD97C8B915AC} = {3E1A901F-502A-4D4C-B574-408B9EEEF781}
		{3B2C456E-E51F-42A7-9FF1-371829345994} = {3E1A901F-502A-4D4C-B574-408B9EEEF781}
		{0DB59C86-4356-4B11-8035-D26194F74633} = {3E1A901F-502A-4D4C-B574-408B9EEEF781}
		{C051D446-9064-4F4A-9FB7-9F4035953C0C} = {761A28CB-AC7A-4160-99B8-351B99C82B6E}
		{4C5387ED-FA41-44A0-BB1E-C97628FA85A8} = {761A28CB-AC7A-4160-99B8-351B99C82B6E}
		{8B41A90B-0D7C-4918-9151-92EA3BE9F994} = {761A28CB-AC7A-4160-99B8-351B99C82B6E}
		{ED6D0ACF-0EDD-4117-8C4E-75012A41316D} = {CDF0F42E-8EF2-46E8-B9AF-ADD23D099D11}
		{E2E901C8-B15F-476C-ABEE-C07541EE7527} = {CDF0F42E-8EF2-46E8-B9AF-ADD23D099D11}
	EndGlobalSection
	GlobalSection(ExtensibilityGlobals) = postSolution
		SolutionGuid = {D0B861C0-88C4-43AA-A728-771EDCB07AA4}
	EndGlobalSection
EndGlobal
